<?xml version="1.0" encoding="utf-8"?>
<Project ToolsVersion="4.0" xmlns="http://schemas.microsoft.com/developer/msbuild/2003">
  <ItemGroup>
    <Filter Include="Source Files">
      <UniqueIdentifier>{4FC737F1-C7A5-4376-A066-2A32D752A2FF}</UniqueIdentifier>
      <Extensions>cpp;c;cc;cxx;def;odl;idl;hpj;bat;asm;asmx</Extensions>
    </Filter>
    <Filter Include="Header Files">
      <UniqueIdentifier>{93995380-89BD-4b04-88EB-625FBE52EBFB}</UniqueIdentifier>
      <Extensions>h;hh;hpp;hxx;hm;inl;inc;xsd</Extensions>
    </Filter>
    <Filter Include="Resource Files">
      <UniqueIdentifier>{67DA6AB6-F800-4c08-8B7A-83BB121AAD01}</UniqueIdentifier>
      <Extensions>rc;ico;cur;bmp;dlg;rc2;rct;bin;rgs;gif;jpg;jpeg;jpe;resx;tiff;tif;png;wav;mfcribbon-ms</Extensions>
    </Filter>
  </ItemGroup>
  <ItemGroup>
    <ClCompile Include="Main.cpp">
      <Filter>Source Files</Filter>
    </ClCompile>
    <ClCompile Include="bmp.cpp">
      <Filter>Source Files</Filter>
    </ClCompile>
    <ClCompile Include="InitDirectX.cpp">
      <Filter>Source Files</Filter>
    </ClCompile>
    <ClCompile Include="sprite.cpp">
      <Filter>Source Files</Filter>
    </ClCompile>
    <ClCompile Include="gobject.cpp">
      <Filter>Source Files</Filter>
    </ClCompile>
    <ClCompile Include="timer.cpp">
      <Filter>Source Files</Filter>
    </ClCompile>
    <ClCompile Include="gamemain.cpp">
      <Filter>Source Files</Filter>
    </ClCompile>
    <ClCompile Include="block.cpp">
      <Filter>Source Files</Filter>
    </ClCompile>
    <ClCompile Include="mapeditor.cpp">
      <Filter>Source Files</Filter>
    </ClCompile>
    <ClCompile Include="myplayer.cpp">
      <Filter>Source Files</Filter>
    </ClCompile>
    <ClCompile Include="camera.cpp">
      <Filter>Source Files</Filter>
    </ClCompile>
    <ClCompile Include="worldmapBmp.cpp">
      <Filter>Source Files</Filter>
    </ClCompile>
    <ClCompile Include="editormain.cpp">
      <Filter>Source Files</Filter>
    </ClCompile>
    <ClCompile Include="intromain.cpp">
      <Filter>Source Files</Filter>
    </ClCompile>
    <ClCompile Include="introsprite.cpp">
      <Filter>Source Files</Filter>
    </ClCompile>
    <ClCompile Include="buttondown.cpp">
      <Filter>Source Files</Filter>
    </ClCompile>
    <ClCompile Include="sprite8.cpp">
      <Filter>Source Files</Filter>
    </ClCompile>
    <ClCompile Include="arrow.cpp">
      <Filter>Source Files</Filter>
    </ClCompile>
    <ClCompile Include="boss.cpp">
      <Filter>Source Files</Filter>
    </ClCompile>
    <ClCompile Include="dsutil.cpp">
      <Filter>Source Files</Filter>
    </ClCompile>
    <ClCompile Include="Vector2.cpp">
      <Filter>Source Files</Filter>
    </ClCompile>
    <ClCompile Include="snowball.cpp">
      <Filter>Source Files</Filter>
    </ClCompile>
    <ClCompile Include="choicewindow.cpp">
      <Filter>Source Files</Filter>
    </ClCompile>
    <ClCompile Include="gui.cpp">
      <Filter>Source Files</Filter>
    </ClCompile>
    <ClCompile Include="map.cpp">
      <Filter>Source Files</Filter>
    </ClCompile>
    <ClCompile Include="fireblock.cpp">
      <Filter>Source Files</Filter>
    </ClCompile>
    <ClCompile Include="enemy.cpp">
      <Filter>Source Files</Filter>
    </ClCompile>
  </ItemGroup>
  <ItemGroup>
    <ClInclude Include="bmp.h">
      <Filter>Header Files</Filter>
    </ClInclude>
    <ClInclude Include="sprite.h">
      <Filter>Header Files</Filter>
    </ClInclude>
    <ClInclude Include="gobject.h">
      <Filter>Header Files</Filter>
    </ClInclude>
    <ClInclude Include="define.h">
      <Filter>Header Files</Filter>
    </ClInclude>
    <ClInclude Include="timer.h">
      <Filter>Header Files</Filter>
    </ClInclude>
    <ClInclude Include="block.h">
      <Filter>Header Files</Filter>
    </ClInclude>
    <ClInclude Include="mapeditor.h">
      <Filter>Header Files</Filter>
    </ClInclude>
    <ClInclude Include="myplayer.h">
      <Filter>Header Files</Filter>
    </ClInclude>
    <ClInclude Include="camera.h">
      <Filter>Header Files</Filter>
    </ClInclude>
    <ClInclude Include="worldmapBmp.h">
      <Filter>Header Files</Filter>
    </ClInclude>
    <ClInclude Include="introsprite.h">
      <Filter>Header Files</Filter>
    </ClInclude>
    <ClInclude Include="buttondown.h">
      <Filter>Header Files</Filter>
    </ClInclude>
    <ClInclude Include="sprite8.h">
      <Filter>Header Files</Filter>
    </ClInclude>
    <ClInclude Include="arrow.h">
      <Filter>Header Files</Filter>
    </ClInclude>
    <ClInclude Include="boss.h">
      <Filter>Header Files</Filter>
    </ClInclude>
    <ClInclude Include="DSUTIL.h">
      <Filter>Header Files</Filter>
    </ClInclude>
    <ClInclude Include="Vector2.h">
      <Filter>Header Files</Filter>
    </ClInclude>
    <ClInclude Include="snowball.h">
      <Filter>Header Files</Filter>
    </ClInclude>
    <ClInclude Include="choicewindow.h">
      <Filter>Header Files</Filter>
    </ClInclude>
    <ClInclude Include="gui.h">
      <Filter>Header Files</Filter>
    </ClInclude>
    <ClInclude Include="map.h">
      <Filter>Header Files</Filter>
    </ClInclude>
    <ClInclude Include="gameEnum.h">
      <Filter>Header Files</Filter>
    </ClInclude>
    <ClInclude Include="fireblock.h">
      <Filter>Header Files</Filter>
    </ClInclude>
    <ClInclude Include="enemy.h">
      <Filter>Header Files</Filter>
    </ClInclude>
    <ClInclude Include="ice.h">
      <Filter>Header Files</Filter>
    </ClInclude>
  </ItemGroup>
</Project>